{
  "version": 4,
  "terraform_version": "1.3.7",
  "serial": 48,
  "lineage": "2137cdfe-1a0a-3081-d225-a872b982bc05",
  "outputs": {},
  "resources": [
    {
      "mode": "managed",
      "type": "aws_dms_endpoint",
      "name": "source_endpoint",
      "provider": "provider[\"registry.terraform.io/hashicorp/aws\"]",
      "instances": [
        {
          "schema_version": 0,
          "attributes": {
            "certificate_arn": "",
            "database_name": "",
            "elasticsearch_settings": [],
            "endpoint_arn": "arn:aws:dms:eu-west-2:335871625378:endpoint:T27SYC3HHSOAK7UW763GQ2COO2BEMM5ZPLCZNZQ",
            "endpoint_id": "terraform-src",
            "endpoint_type": "source",
            "engine_name": "mysql",
            "extra_connection_attributes": "initstmt=SET FOREIGN_KEY_CHECKS=0;",
            "id": "terraform-src",
            "kafka_settings": [],
            "kinesis_settings": [],
            "kms_key_arn": "arn:aws:kms:eu-west-2:335871625378:key/2926810a-e208-41bd-a7de-9ef053042c05",
            "mongodb_settings": [],
            "password": "yourpassword",
            "pause_replication_tasks": null,
            "port": 3306,
            "redis_settings": [],
            "redshift_settings": [],
            "s3_settings": [],
            "secrets_manager_access_role_arn": "",
            "secrets_manager_arn": "",
            "server_name": "terraform-src.cgfnjlpo1b2r.eu-west-2.rds.amazonaws.com",
            "service_access_role": null,
            "ssl_mode": "none",
            "tags": {},
            "tags_all": {},
            "timeouts": null,
            "username": "admin"
          },
          "sensitive_attributes": [],
          "private": "eyJlMmJmYjczMC1lY2FhLTExZTYtOGY4OC0zNDM2M2JjN2M0YzAiOnsiY3JlYXRlIjozMDAwMDAwMDAwMDAsImRlbGV0ZSI6NjAwMDAwMDAwMDAwfX0="
        }
      ]
    },
    {
      "mode": "managed",
      "type": "aws_dms_endpoint",
      "name": "target_endpoint",
      "provider": "provider[\"registry.terraform.io/hashicorp/aws\"]",
      "instances": [
        {
          "schema_version": 0,
          "attributes": {
            "certificate_arn": "",
            "database_name": "",
            "elasticsearch_settings": [],
            "endpoint_arn": "arn:aws:dms:eu-west-2:335871625378:endpoint:ZD6EHNWXEVLI3Q26LJXS5CPKY7RGCMO6WQVDKAQ",
            "endpoint_id": "myseconddb",
            "endpoint_type": "target",
            "engine_name": "mysql",
            "extra_connection_attributes": "",
            "id": "myseconddb",
            "kafka_settings": [],
            "kinesis_settings": [],
            "kms_key_arn": "arn:aws:kms:eu-west-2:335871625378:key/2926810a-e208-41bd-a7de-9ef053042c05",
            "mongodb_settings": [],
            "password": "2ndpassword",
            "pause_replication_tasks": null,
            "port": 3306,
            "redis_settings": [],
            "redshift_settings": [],
            "s3_settings": [],
            "secrets_manager_access_role_arn": "",
            "secrets_manager_arn": "",
            "server_name": "myseconddb.cgfnjlpo1b2r.eu-west-2.rds.amazonaws.com",
            "service_access_role": null,
            "ssl_mode": "none",
            "tags": {},
            "tags_all": {},
            "timeouts": null,
            "username": "admin"
          },
          "sensitive_attributes": [],
          "private": "eyJlMmJmYjczMC1lY2FhLTExZTYtOGY4OC0zNDM2M2JjN2M0YzAiOnsiY3JlYXRlIjozMDAwMDAwMDAwMDAsImRlbGV0ZSI6NjAwMDAwMDAwMDAwfX0="
        }
      ]
    },
    {
      "mode": "managed",
      "type": "aws_dms_replication_instance",
      "name": "dms-instance",
      "provider": "provider[\"registry.terraform.io/hashicorp/aws\"]",
      "instances": [
        {
          "schema_version": 0,
          "attributes": {
            "allocated_storage": 30,
            "allow_major_version_upgrade": null,
            "apply_immediately": true,
            "auto_minor_version_upgrade": false,
            "availability_zone": "eu-west-2b",
            "engine_version": "3.5.1",
            "id": "dms-instance",
            "kms_key_arn": "arn:aws:kms:eu-west-2:335871625378:key/2926810a-e208-41bd-a7de-9ef053042c05",
            "multi_az": false,
            "network_type": "IPV4",
            "preferred_maintenance_window": "fri:07:40-fri:08:10",
            "publicly_accessible": true,
            "replication_instance_arn": "arn:aws:dms:eu-west-2:335871625378:rep:RM3A5AGOUFKGKX7FB4XPNLYRPDRECPV6WFGLLNA",
            "replication_instance_class": "dms.t3.micro",
            "replication_instance_id": "dms-instance",
            "replication_instance_private_ips": [
              "172.31.40.251"
            ],
            "replication_instance_public_ips": [
              "3.11.45.31"
            ],
            "replication_subnet_group_id": "example-id",
            "tags": {
              "Name": "DMS-Replication-Instance"
            },
            "tags_all": {
              "Name": "DMS-Replication-Instance"
            },
            "timeouts": null,
            "vpc_security_group_ids": [
              "sg-09f3330deff6f1d2d"
            ]
          },
          "sensitive_attributes": [],
          "private": "eyJlMmJmYjczMC1lY2FhLTExZTYtOGY4OC0zNDM2M2JjN2M0YzAiOnsiY3JlYXRlIjoyNDAwMDAwMDAwMDAwLCJkZWxldGUiOjE4MDAwMDAwMDAwMDAsInVwZGF0ZSI6MTgwMDAwMDAwMDAwMH19",
          "dependencies": [
            "aws_dms_replication_subnet_group.example",
            "aws_iam_role.dms-vpc-role",
            "aws_iam_role_policy_attachment.example"
          ]
        }
      ]
    },
    {
      "mode": "managed",
      "type": "aws_dms_replication_subnet_group",
      "name": "example",
      "provider": "provider[\"registry.terraform.io/hashicorp/aws\"]",
      "instances": [
        {
          "schema_version": 0,
          "attributes": {
            "id": "example-id",
            "replication_subnet_group_arn": "arn:aws:dms:eu-west-2:335871625378:subgrp:example-id",
            "replication_subnet_group_description": "Example",
            "replication_subnet_group_id": "example-id",
            "subnet_ids": [
              "subnet-07cf38f6549e4b98c",
              "subnet-0cb5eeaa39642ecbf",
              "subnet-0e8b3d7199bf251a4"
            ],
            "tags": {
              "Name": "example-id"
            },
            "tags_all": {
              "Name": "example-id"
            },
            "vpc_id": "vpc-08ea86977336ea5e2"
          },
          "sensitive_attributes": [],
          "private": "bnVsbA==",
          "dependencies": [
            "aws_iam_role.dms-vpc-role",
            "aws_iam_role_policy_attachment.example"
          ]
        }
      ]
    },
    {
      "mode": "managed",
      "type": "aws_dms_replication_task",
      "name": "example_replication_task",
      "provider": "provider[\"registry.terraform.io/hashicorp/aws\"]",
      "instances": [
        {
          "schema_version": 0,
          "attributes": {
            "cdc_start_position": "",
            "cdc_start_time": null,
            "id": "example-replication-task",
            "migration_type": "full-load",
            "replication_instance_arn": "arn:aws:dms:eu-west-2:335871625378:rep:RM3A5AGOUFKGKX7FB4XPNLYRPDRECPV6WFGLLNA",
            "replication_task_arn": "arn:aws:dms:eu-west-2:335871625378:task:LU3JLQM5IBHMADO6HDZBDZHMHV72R2GQSX6QDCI",
            "replication_task_id": "example-replication-task",
            "replication_task_settings": "{\"BeforeImageSettings\":null,\"ChangeProcessingDdlHandlingPolicy\":{\"HandleSourceTableAltered\":true,\"HandleSourceTableDropped\":true,\"HandleSourceTableTruncated\":true},\"ChangeProcessingTuning\":{\"BatchApplyMemoryLimit\":500,\"BatchApplyPreserveTransaction\":true,\"BatchApplyTimeoutMax\":30,\"BatchApplyTimeoutMin\":1,\"BatchSplitSize\":0,\"CommitTimeout\":1,\"MemoryKeepTime\":60,\"MemoryLimitTotal\":1024,\"MinTransactionSize\":1000,\"StatementCacheSize\":50},\"CharacterSetSettings\":null,\"ControlTablesSettings\":{\"ControlSchema\":\"\",\"FullLoadExceptionTableEnabled\":false,\"HistoryTableEnabled\":false,\"HistoryTimeslotInMinutes\":5,\"StatusTableEnabled\":false,\"SuspendedTablesTableEnabled\":false},\"ErrorBehavior\":{\"ApplyErrorDeletePolicy\":\"IGNORE_RECORD\",\"ApplyErrorEscalationCount\":0,\"ApplyErrorEscalationPolicy\":\"LOG_ERROR\",\"ApplyErrorFailOnTruncationDdl\":false,\"ApplyErrorInsertPolicy\":\"LOG_ERROR\",\"ApplyErrorUpdatePolicy\":\"LOG_ERROR\",\"DataErrorEscalationCount\":0,\"DataErrorEscalationPolicy\":\"SUSPEND_TABLE\",\"DataErrorPolicy\":\"LOG_ERROR\",\"DataTruncationErrorPolicy\":\"LOG_ERROR\",\"EventErrorPolicy\":\"IGNORE\",\"FailOnNoTablesCaptured\":true,\"FailOnTransactionConsistencyBreached\":false,\"FullLoadIgnoreConflicts\":true,\"RecoverableErrorCount\":-1,\"RecoverableErrorInterval\":5,\"RecoverableErrorStopRetryAfterThrottlingMax\":true,\"RecoverableErrorThrottling\":true,\"RecoverableErrorThrottlingMax\":1800,\"TableErrorEscalationCount\":0,\"TableErrorEscalationPolicy\":\"STOP_TASK\",\"TableErrorPolicy\":\"SUSPEND_TABLE\"},\"FailTaskWhenCleanTaskResourceFailed\":false,\"FullLoadSettings\":{\"CommitRate\":10000,\"CreatePkAfterFullLoad\":false,\"MaxFullLoadSubTasks\":8,\"StopTaskCachedChangesApplied\":false,\"StopTaskCachedChangesNotApplied\":false,\"TargetTablePrepMode\":\"DROP_AND_CREATE\",\"TransactionConsistencyTimeout\":600},\"Logging\":{\"EnableLogging\":false,\"LogComponents\":[{\"Id\":\"TRANSFORMATION\",\"Severity\":\"LOGGER_SEVERITY_DEFAULT\"},{\"Id\":\"SOURCE_UNLOAD\",\"Severity\":\"LOGGER_SEVERITY_DEFAULT\"},{\"Id\":\"IO\",\"Severity\":\"LOGGER_SEVERITY_DEFAULT\"},{\"Id\":\"TARGET_LOAD\",\"Severity\":\"LOGGER_SEVERITY_DEFAULT\"},{\"Id\":\"PERFORMANCE\",\"Severity\":\"LOGGER_SEVERITY_DEFAULT\"},{\"Id\":\"SOURCE_CAPTURE\",\"Severity\":\"LOGGER_SEVERITY_DEFAULT\"},{\"Id\":\"SORTER\",\"Severity\":\"LOGGER_SEVERITY_DEFAULT\"},{\"Id\":\"REST_SERVER\",\"Severity\":\"LOGGER_SEVERITY_DEFAULT\"},{\"Id\":\"VALIDATOR_EXT\",\"Severity\":\"LOGGER_SEVERITY_DEFAULT\"},{\"Id\":\"TARGET_APPLY\",\"Severity\":\"LOGGER_SEVERITY_DEFAULT\"},{\"Id\":\"TASK_MANAGER\",\"Severity\":\"LOGGER_SEVERITY_DEFAULT\"},{\"Id\":\"TABLES_MANAGER\",\"Severity\":\"LOGGER_SEVERITY_DEFAULT\"},{\"Id\":\"METADATA_MANAGER\",\"Severity\":\"LOGGER_SEVERITY_DEFAULT\"},{\"Id\":\"FILE_FACTORY\",\"Severity\":\"LOGGER_SEVERITY_DEFAULT\"},{\"Id\":\"COMMON\",\"Severity\":\"LOGGER_SEVERITY_DEFAULT\"},{\"Id\":\"ADDONS\",\"Severity\":\"LOGGER_SEVERITY_DEFAULT\"},{\"Id\":\"DATA_STRUCTURE\",\"Severity\":\"LOGGER_SEVERITY_DEFAULT\"},{\"Id\":\"COMMUNICATION\",\"Severity\":\"LOGGER_SEVERITY_DEFAULT\"},{\"Id\":\"FILE_TRANSFER\",\"Severity\":\"LOGGER_SEVERITY_DEFAULT\"}]},\"LoopbackPreventionSettings\":null,\"PostProcessingRules\":null,\"StreamBufferSettings\":{\"CtrlStreamBufferSizeInMB\":5,\"StreamBufferCount\":3,\"StreamBufferSizeInMB\":8},\"TTSettings\":null,\"TargetMetadata\":{\"BatchApplyEnabled\":false,\"FullLobMode\":false,\"InlineLobMaxSize\":0,\"LimitedSizeLobMode\":true,\"LoadMaxFileSize\":0,\"LobChunkSize\":0,\"LobMaxSize\":32,\"ParallelApplyBufferSize\":0,\"ParallelApplyQueuesPerThread\":0,\"ParallelApplyThreads\":0,\"ParallelLoadBufferSize\":0,\"ParallelLoadQueuesPerThread\":0,\"ParallelLoadThreads\":0,\"SupportLobs\":true,\"TargetSchema\":\"\",\"TaskRecoveryTableEnabled\":false}}",
            "source_endpoint_arn": "arn:aws:dms:eu-west-2:335871625378:endpoint:T27SYC3HHSOAK7UW763GQ2COO2BEMM5ZPLCZNZQ",
            "start_replication_task": false,
            "status": "ready",
            "table_mappings": "{\"rules\":[{\"rule-type\":\"selection\",\"rule-id\":\"1\",\"rule-name\":\"1\",\"object-locator\":{\"schema-name\":\"OnlineMerchStore\",\"table-name\":\"%\"},\"rule-action\":\"include\"}]}",
            "tags": {},
            "tags_all": {},
            "target_endpoint_arn": "arn:aws:dms:eu-west-2:335871625378:endpoint:ZD6EHNWXEVLI3Q26LJXS5CPKY7RGCMO6WQVDKAQ"
          },
          "sensitive_attributes": [],
          "private": "bnVsbA==",
          "dependencies": [
            "aws_dms_endpoint.source_endpoint",
            "aws_dms_endpoint.target_endpoint",
            "aws_dms_replication_instance.dms-instance"
          ]
        }
      ]
    },
    {
      "mode": "managed",
      "type": "aws_iam_role",
      "name": "dms-vpc-role",
      "provider": "provider[\"registry.terraform.io/hashicorp/aws\"]",
      "instances": [
        {
          "schema_version": 0,
          "attributes": {
            "arn": "arn:aws:iam::335871625378:role/dms-vpc-role",
            "assume_role_policy": "{\"Statement\":[{\"Action\":\"sts:AssumeRole\",\"Effect\":\"Allow\",\"Principal\":{\"Service\":\"dms.amazonaws.com\"}}],\"Version\":\"2012-10-17\"}",
            "create_date": "2023-12-08T20:31:45Z",
            "description": "Allows DMS to manage VPC",
            "force_detach_policies": false,
            "id": "dms-vpc-role",
            "inline_policy": [],
            "managed_policy_arns": [
              "arn:aws:iam::aws:policy/service-role/AmazonDMSVPCManagementRole"
            ],
            "max_session_duration": 3600,
            "name": "dms-vpc-role",
            "name_prefix": "",
            "path": "/",
            "permissions_boundary": "",
            "tags": {},
            "tags_all": {},
            "unique_id": "AROAU4M4CJCRIHMBGJOQ5"
          },
          "sensitive_attributes": [],
          "private": "bnVsbA=="
        }
      ]
    },
    {
      "mode": "managed",
      "type": "aws_iam_role_policy_attachment",
      "name": "example",
      "provider": "provider[\"registry.terraform.io/hashicorp/aws\"]",
      "instances": [
        {
          "schema_version": 0,
          "attributes": {
            "id": "dms-vpc-role-20231208203145926700000001",
            "policy_arn": "arn:aws:iam::aws:policy/service-role/AmazonDMSVPCManagementRole",
            "role": "dms-vpc-role"
          },
          "sensitive_attributes": [],
          "private": "bnVsbA==",
          "dependencies": [
            "aws_iam_role.dms-vpc-role"
          ]
        }
      ]
    }
  ],
  "check_results": null
}
